
Microsoft Visual Studio Solution File, Format Version 12.00
# Visual Studio 15
VisualStudioVersion = 15.0.26124.0
MinimumVisualStudioVersion = 15.0.26124.0
Project("{FAE04EC0-301F-11D3-BF4B-00C04F79EFBC}") = "Domain", "Domain\Domain.csproj", "{9A2AB3F3-1F32-4A89-9874-300C9EC04153}"
EndProject
Project("{FAE04EC0-301F-11D3-BF4B-00C04F79EFBC}") = "Application", "Application\Application.csproj", "{8C808FC4-DF04-4489-849E-A200D4786526}"
EndProject
Project("{FAE04EC0-301F-11D3-BF4B-00C04F79EFBC}") = "Persistence", "Persistence\Persistence.csproj", "{3C76D310-5A4F-4091-8DD7-20A6865C29E6}"
EndProject
Project("{FAE04EC0-301F-11D3-BF4B-00C04F79EFBC}") = "API", "API\API.csproj", "{58032B57-B4CB-41BF-9130-2237569285AD}"
EndProject
Global
	GlobalSection(SolutionConfigurationPlatforms) = preSolution
		Debug|Any CPU = Debug|Any CPU
		Debug|x64 = Debug|x64
		Debug|x86 = Debug|x86
		Release|Any CPU = Release|Any CPU
		Release|x64 = Release|x64
		Release|x86 = Release|x86
	EndGlobalSection
	GlobalSection(SolutionProperties) = preSolution
		HideSolutionNode = FALSE
	EndGlobalSection
	GlobalSection(ProjectConfigurationPlatforms) = postSolution
		{9A2AB3F3-1F32-4A89-9874-300C9EC04153}.Debug|Any CPU.ActiveCfg = Debug|Any CPU
		{9A2AB3F3-1F32-4A89-9874-300C9EC04153}.Debug|Any CPU.Build.0 = Debug|Any CPU
		{9A2AB3F3-1F32-4A89-9874-300C9EC04153}.Debug|x64.ActiveCfg = Debug|Any CPU
		{9A2AB3F3-1F32-4A89-9874-300C9EC04153}.Debug|x64.Build.0 = Debug|Any CPU
		{9A2AB3F3-1F32-4A89-9874-300C9EC04153}.Debug|x86.ActiveCfg = Debug|Any CPU
		{9A2AB3F3-1F32-4A89-9874-300C9EC04153}.Debug|x86.Build.0 = Debug|Any CPU
		{9A2AB3F3-1F32-4A89-9874-300C9EC04153}.Release|Any CPU.ActiveCfg = Release|Any CPU
		{9A2AB3F3-1F32-4A89-9874-300C9EC04153}.Release|Any CPU.Build.0 = Release|Any CPU
		{9A2AB3F3-1F32-4A89-9874-300C9EC04153}.Release|x64.ActiveCfg = Release|Any CPU
		{9A2AB3F3-1F32-4A89-9874-300C9EC04153}.Release|x64.Build.0 = Release|Any CPU
		{9A2AB3F3-1F32-4A89-9874-300C9EC04153}.Release|x86.ActiveCfg = Release|Any CPU
		{9A2AB3F3-1F32-4A89-9874-300C9EC04153}.Release|x86.Build.0 = Release|Any CPU
		{8C808FC4-DF04-4489-849E-A200D4786526}.Debug|Any CPU.ActiveCfg = Debug|Any CPU
		{8C808FC4-DF04-4489-849E-A200D4786526}.Debug|Any CPU.Build.0 = Debug|Any CPU
		{8C808FC4-DF04-4489-849E-A200D4786526}.Debug|x64.ActiveCfg = Debug|Any CPU
		{8C808FC4-DF04-4489-849E-A200D4786526}.Debug|x64.Build.0 = Debug|Any CPU
		{8C808FC4-DF04-4489-849E-A200D4786526}.Debug|x86.ActiveCfg = Debug|Any CPU
		{8C808FC4-DF04-4489-849E-A200D4786526}.Debug|x86.Build.0 = Debug|Any CPU
		{8C808FC4-DF04-4489-849E-A200D4786526}.Release|Any CPU.ActiveCfg = Release|Any CPU
		{8C808FC4-DF04-4489-849E-A200D4786526}.Release|Any CPU.Build.0 = Release|Any CPU
		{8C808FC4-DF04-4489-849E-A200D4786526}.Release|x64.ActiveCfg = Release|Any CPU
		{8C808FC4-DF04-4489-849E-A200D4786526}.Release|x64.Build.0 = Release|Any CPU
		{8C808FC4-DF04-4489-849E-A200D4786526}.Release|x86.ActiveCfg = Release|Any CPU
		{8C808FC4-DF04-4489-849E-A200D4786526}.Release|x86.Build.0 = Release|Any CPU
		{3C76D310-5A4F-4091-8DD7-20A6865C29E6}.Debug|Any CPU.ActiveCfg = Debug|Any CPU
		{3C76D310-5A4F-4091-8DD7-20A6865C29E6}.Debug|Any CPU.Build.0 = Debug|Any CPU
		{3C76D310-5A4F-4091-8DD7-20A6865C29E6}.Debug|x64.ActiveCfg = Debug|Any CPU
		{3C76D310-5A4F-4091-8DD7-20A6865C29E6}.Debug|x64.Build.0 = Debug|Any CPU
		{3C76D310-5A4F-4091-8DD7-20A6865C29E6}.Debug|x86.ActiveCfg = Debug|Any CPU
		{3C76D310-5A4F-4091-8DD7-20A6865C29E6}.Debug|x86.Build.0 = Debug|Any CPU
		{3C76D310-5A4F-4091-8DD7-20A6865C29E6}.Release|Any CPU.ActiveCfg = Release|Any CPU
		{3C76D310-5A4F-4091-8DD7-20A6865C29E6}.Release|Any CPU.Build.0 = Release|Any CPU
		{3C76D310-5A4F-4091-8DD7-20A6865C29E6}.Release|x64.ActiveCfg = Release|Any CPU
		{3C76D310-5A4F-4091-8DD7-20A6865C29E6}.Release|x64.Build.0 = Release|Any CPU
		{3C76D310-5A4F-4091-8DD7-20A6865C29E6}.Release|x86.ActiveCfg = Release|Any CPU
		{3C76D310-5A4F-4091-8DD7-20A6865C29E6}.Release|x86.Build.0 = Release|Any CPU
		{58032B57-B4CB-41BF-9130-2237569285AD}.Debug|Any CPU.ActiveCfg = Debug|Any CPU
		{58032B57-B4CB-41BF-9130-2237569285AD}.Debug|Any CPU.Build.0 = Debug|Any CPU
		{58032B57-B4CB-41BF-9130-2237569285AD}.Debug|x64.ActiveCfg = Debug|Any CPU
		{58032B57-B4CB-41BF-9130-2237569285AD}.Debug|x64.Build.0 = Debug|Any CPU
		{58032B57-B4CB-41BF-9130-2237569285AD}.Debug|x86.ActiveCfg = Debug|Any CPU
		{58032B57-B4CB-41BF-9130-2237569285AD}.Debug|x86.Build.0 = Debug|Any CPU
		{58032B57-B4CB-41BF-9130-2237569285AD}.Release|Any CPU.ActiveCfg = Release|Any CPU
		{58032B57-B4CB-41BF-9130-2237569285AD}.Release|Any CPU.Build.0 = Release|Any CPU
		{58032B57-B4CB-41BF-9130-2237569285AD}.Release|x64.ActiveCfg = Release|Any CPU
		{58032B57-B4CB-41BF-9130-2237569285AD}.Release|x64.Build.0 = Release|Any CPU
		{58032B57-B4CB-41BF-9130-2237569285AD}.Release|x86.ActiveCfg = Release|Any CPU
		{58032B57-B4CB-41BF-9130-2237569285AD}.Release|x86.Build.0 = Release|Any CPU
	EndGlobalSection
EndGlobal
